
Microsoft Visual Studio Solution File, Format Version 12.00
# Visual Studio Version 16
VisualStudioVersion = 16.0.32901.82
MinimumVisualStudioVersion = 10.0.40219.1
Project("{FAE04EC0-301F-11D3-BF4B-00C04F79EFBC}") = "Console_taskTest2", "Console_taskTest2\Console_taskTest2.csproj", "{5D0F6BB0-047E-499E-AA35-8BB8E798E382}"
EndProject
Global
	GlobalSection(SolutionConfigurationPlatforms) = preSolution
		Debug|Any CPU = Debug|Any CPU
		Release|Any CPU = Release|Any CPU
	EndGlobalSection
	GlobalSection(ProjectConfigurationPlatforms) = postSolution
		{5D0F6BB0-047E-499E-AA35-8BB8E798E382}.Debug|Any CPU.ActiveCfg = Debug|Any CPU
		{5D0F6BB0-047E-499E-AA35-8BB8E798E382}.Debug|Any CPU.Build.0 = Debug|Any CPU
		{5D0F6BB0-047E-499E-AA35-8BB8E798E382}.Release|Any CPU.ActiveCfg = Release|Any CPU
		{5D0F6BB0-047E-499E-AA35-8BB8E798E382}.Release|Any CPU.Build.0 = Release|Any CPU
	EndGlobalSection
	GlobalSection(SolutionProperties) = preSolution
		HideSolutionNode = FALSE
	EndGlobalSection
	GlobalSection(ExtensibilityGlobals) = postSolution
		SolutionGuid = {69FC9E33-7351-4B79-B1CA-4D393A0A0BB9}
	EndGlobalSection
EndGlobal
